
Microsoft Visual Studio Solution File, Format Version 12.00
# Visual Studio 15
VisualStudioVersion = 15.0.26124.0
MinimumVisualStudioVersion = 15.0.26124.0
Project("{FAE04EC0-301F-11D3-BF4B-00C04F79EFBC}") = "Domain", "Domain\Domain.csproj", "{10435A43-47D3-474F-8B9C-4AA381C72177}"
EndProject
Project("{FAE04EC0-301F-11D3-BF4B-00C04F79EFBC}") = "Application", "Application\Application.csproj", "{33AD669D-5BAB-4CA1-B96B-87754E81FBF5}"
EndProject
Project("{FAE04EC0-301F-11D3-BF4B-00C04F79EFBC}") = "Persistence", "Persistence\Persistence.csproj", "{CC7B737C-739E-4BA5-8C02-8FBE4EC57C5B}"
EndProject
Project("{FAE04EC0-301F-11D3-BF4B-00C04F79EFBC}") = "API", "API\API.csproj", "{AA857DCC-1D71-4BD2-B477-6FDFE1DA2482}"
EndProject
Global
	GlobalSection(SolutionConfigurationPlatforms) = preSolution
		Debug|Any CPU = Debug|Any CPU
		Debug|x64 = Debug|x64
		Debug|x86 = Debug|x86
		Release|Any CPU = Release|Any CPU
		Release|x64 = Release|x64
		Release|x86 = Release|x86
	EndGlobalSection
	GlobalSection(SolutionProperties) = preSolution
		HideSolutionNode = FALSE
	EndGlobalSection
	GlobalSection(ProjectConfigurationPlatforms) = postSolution
		{10435A43-47D3-474F-8B9C-4AA381C72177}.Debug|Any CPU.ActiveCfg = Debug|Any CPU
		{10435A43-47D3-474F-8B9C-4AA381C72177}.Debug|Any CPU.Build.0 = Debug|Any CPU
		{10435A43-47D3-474F-8B9C-4AA381C72177}.Debug|x64.ActiveCfg = Debug|Any CPU
		{10435A43-47D3-474F-8B9C-4AA381C72177}.Debug|x64.Build.0 = Debug|Any CPU
		{10435A43-47D3-474F-8B9C-4AA381C72177}.Debug|x86.ActiveCfg = Debug|Any CPU
		{10435A43-47D3-474F-8B9C-4AA381C72177}.Debug|x86.Build.0 = Debug|Any CPU
		{10435A43-47D3-474F-8B9C-4AA381C72177}.Release|Any CPU.ActiveCfg = Release|Any CPU
		{10435A43-47D3-474F-8B9C-4AA381C72177}.Release|Any CPU.Build.0 = Release|Any CPU
		{10435A43-47D3-474F-8B9C-4AA381C72177}.Release|x64.ActiveCfg = Release|Any CPU
		{10435A43-47D3-474F-8B9C-4AA381C72177}.Release|x64.Build.0 = Release|Any CPU
		{10435A43-47D3-474F-8B9C-4AA381C72177}.Release|x86.ActiveCfg = Release|Any CPU
		{10435A43-47D3-474F-8B9C-4AA381C72177}.Release|x86.Build.0 = Release|Any CPU
		{33AD669D-5BAB-4CA1-B96B-87754E81FBF5}.Debug|Any CPU.ActiveCfg = Debug|Any CPU
		{33AD669D-5BAB-4CA1-B96B-87754E81FBF5}.Debug|Any CPU.Build.0 = Debug|Any CPU
		{33AD669D-5BAB-4CA1-B96B-87754E81FBF5}.Debug|x64.ActiveCfg = Debug|Any CPU
		{33AD669D-5BAB-4CA1-B96B-87754E81FBF5}.Debug|x64.Build.0 = Debug|Any CPU
		{33AD669D-5BAB-4CA1-B96B-87754E81FBF5}.Debug|x86.ActiveCfg = Debug|Any CPU
		{33AD669D-5BAB-4CA1-B96B-87754E81FBF5}.Debug|x86.Build.0 = Debug|Any CPU
		{33AD669D-5BAB-4CA1-B96B-87754E81FBF5}.Release|Any CPU.ActiveCfg = Release|Any CPU
		{33AD669D-5BAB-4CA1-B96B-87754E81FBF5}.Release|Any CPU.Build.0 = Release|Any CPU
		{33AD669D-5BAB-4CA1-B96B-87754E81FBF5}.Release|x64.ActiveCfg = Release|Any CPU
		{33AD669D-5BAB-4CA1-B96B-87754E81FBF5}.Release|x64.Build.0 = Release|Any CPU
		{33AD669D-5BAB-4CA1-B96B-87754E81FBF5}.Release|x86.ActiveCfg = Release|Any CPU
		{33AD669D-5BAB-4CA1-B96B-87754E81FBF5}.Release|x86.Build.0 = Release|Any CPU
		{CC7B737C-739E-4BA5-8C02-8FBE4EC57C5B}.Debug|Any CPU.ActiveCfg = Debug|Any CPU
		{CC7B737C-739E-4BA5-8C02-8FBE4EC57C5B}.Debug|Any CPU.Build.0 = Debug|Any CPU
		{CC7B737C-739E-4BA5-8C02-8FBE4EC57C5B}.Debug|x64.ActiveCfg = Debug|Any CPU
		{CC7B737C-739E-4BA5-8C02-8FBE4EC57C5B}.Debug|x64.Build.0 = Debug|Any CPU
		{CC7B737C-739E-4BA5-8C02-8FBE4EC57C5B}.Debug|x86.ActiveCfg = Debug|Any CPU
		{CC7B737C-739E-4BA5-8C02-8FBE4EC57C5B}.Debug|x86.Build.0 = Debug|Any CPU
		{CC7B737C-739E-4BA5-8C02-8FBE4EC57C5B}.Release|Any CPU.ActiveCfg = Release|Any CPU
		{CC7B737C-739E-4BA5-8C02-8FBE4EC57C5B}.Release|Any CPU.Build.0 = Release|Any CPU
		{CC7B737C-739E-4BA5-8C02-8FBE4EC57C5B}.Release|x64.ActiveCfg = Release|Any CPU
		{CC7B737C-739E-4BA5-8C02-8FBE4EC57C5B}.Release|x64.Build.0 = Release|Any CPU
		{CC7B737C-739E-4BA5-8C02-8FBE4EC57C5B}.Release|x86.ActiveCfg = Release|Any CPU
		{CC7B737C-739E-4BA5-8C02-8FBE4EC57C5B}.Release|x86.Build.0 = Release|Any CPU
		{AA857DCC-1D71-4BD2-B477-6FDFE1DA2482}.Debug|Any CPU.ActiveCfg = Debug|Any CPU
		{AA857DCC-1D71-4BD2-B477-6FDFE1DA2482}.Debug|Any CPU.Build.0 = Debug|Any CPU
		{AA857DCC-1D71-4BD2-B477-6FDFE1DA2482}.Debug|x64.ActiveCfg = Debug|Any CPU
		{AA857DCC-1D71-4BD2-B477-6FDFE1DA2482}.Debug|x64.Build.0 = Debug|Any CPU
		{AA857DCC-1D71-4BD2-B477-6FDFE1DA2482}.Debug|x86.ActiveCfg = Debug|Any CPU
		{AA857DCC-1D71-4BD2-B477-6FDFE1DA2482}.Debug|x86.Build.0 = Debug|Any CPU
		{AA857DCC-1D71-4BD2-B477-6FDFE1DA2482}.Release|Any CPU.ActiveCfg = Release|Any CPU
		{AA857DCC-1D71-4BD2-B477-6FDFE1DA2482}.Release|Any CPU.Build.0 = Release|Any CPU
		{AA857DCC-1D71-4BD2-B477-6FDFE1DA2482}.Release|x64.ActiveCfg = Release|Any CPU
		{AA857DCC-1D71-4BD2-B477-6FDFE1DA2482}.Release|x64.Build.0 = Release|Any CPU
		{AA857DCC-1D71-4BD2-B477-6FDFE1DA2482}.Release|x86.ActiveCfg = Release|Any CPU
		{AA857DCC-1D71-4BD2-B477-6FDFE1DA2482}.Release|x86.Build.0 = Release|Any CPU
	EndGlobalSection
EndGlobal
